{
  "name": "builddtsstubs",
  "version": "1.0.0",
  "lockfileVersion": 1,
  "requires": true,
  "dependencies": {
    "@types/chai": {
      "version": "4.0.4",
      "resolved": "https://registry.npmjs.org/@types/chai/-/chai-4.0.4.tgz",
      "integrity": "sha512-cvU0HomQ7/aGDQJZsbtJXqBQ7w4J4TqLB0Z/h8mKrpRjfeZEvTbygkfJEb7fWdmwpIeDeFmIVwAEqS0OYuUv3Q==",
      "dev": true
    },
    "@types/esprima": {
      "version": "4.0.1",
      "resolved": "https://registry.npmjs.org/@types/esprima/-/esprima-4.0.1.tgz",
      "integrity": "sha512-/2d2u4NIv3WJdtW51Z22w6qMqdXc3VYecve/L3bbtvgth/KvT//XJDPfhYLbMq1yEAMu+XLK5q9jjNqlYrkfTA==",
      "dev": true,
      "requires": {
        "@types/estree": "0.0.37"
      }
    },
    "@types/estraverse": {
      "version": "0.0.6",
      "resolved": "https://registry.npmjs.org/@types/estraverse/-/estraverse-0.0.6.tgz",
      "integrity": "sha1-Zp9833KreX5hJfjQD+0z1M8wwiE=",
      "dev": true,
      "requires": {
        "@types/estree": "0.0.37"
      }
    },
    "@types/estree": {
      "version": "0.0.37",
      "resolved": "https://registry.npmjs.org/@types/estree/-/estree-0.0.37.tgz",
      "integrity": "sha512-1IT6vNpmU9w18P3v6mN9idv18z5KPVTi4t7+rU9VLnkxo0LCam8IXy/eSVzOaQ1Wpabra2cN3A8K/SliPK/Suw==",
      "dev": true
    },
    "@types/mocha": {
      "version": "2.2.43",
      "resolved": "https://registry.npmjs.org/@types/mocha/-/mocha-2.2.43.tgz",
      "integrity": "sha512-xNlAmH+lRJdUMXClMTI9Y0pRqIojdxfm7DHsIxoB2iTzu3fnPmSMEN8SsSx0cdwV36d02PWCWaDUoZPDSln+xw==",
      "dev": true
    },
    "@types/node": {
      "version": "8.0.28",
      "resolved": "https://registry.npmjs.org/@types/node/-/node-8.0.28.tgz",
      "integrity": "sha512-HupkFXEv3O3KSzcr3Ylfajg0kaerBg1DyaZzRBBQfrU3NN1mTBRE7sCveqHwXLS5Yrjvww8qFzkzYQQakG9FuQ==",
      "dev": true
    },
    "esquery": {
      "version": "git+https://github.com/estools/esquery.git#2b4ce908cc560f6952a08b59142efdb67134c518",
      "dev": true,
      "requires": {
        "estraverse": "4.2.0"
      }
    },
    "estraverse": {
      "version": "4.2.0",
      "resolved": "https://registry.npmjs.org/estraverse/-/estraverse-4.2.0.tgz",
      "integrity": "sha1-De4/7TH81GlhjOc0IJn8GvoL2xM=",
      "dev": true
    },
    "typescript": {
      "version": "2.8.1",
      "resolved": "https://registry.npmjs.org/typescript/-/typescript-2.8.1.tgz",
      "integrity": "sha512-Ao/f6d/4EPLq0YwzsQz8iXflezpTkQzqAyenTiw4kCUGr1uPiFLC3+fZ+gMZz6eeI/qdRUqvC+HxIJzUAzEFdg==",
      "dev": true
    }
  }
}
