{
  "name": "builddtsstubs",
  "version": "1.0.0",
  "lockfileVersion": 1,
  "requires": true,
  "dependencies": {
    "@types/chai": {
      "version": "4.0.4",
      "resolved": "https://registry.npmjs.org/@types/chai/-/chai-4.0.4.tgz",
      "integrity": "sha512-cvU0HomQ7/aGDQJZsbtJXqBQ7w4J4TqLB0Z/h8mKrpRjfeZEvTbygkfJEb7fWdmwpIeDeFmIVwAEqS0OYuUv3Q==",
      "dev": true
    },
    "@types/esprima": {
      "version": "4.0.1",
      "resolved": "https://registry.npmjs.org/@types/esprima/-/esprima-4.0.1.tgz",
      "integrity": "sha512-/2d2u4NIv3WJdtW51Z22w6qMqdXc3VYecve/L3bbtvgth/KvT//XJDPfhYLbMq1yEAMu+XLK5q9jjNqlYrkfTA==",
      "dev": true,
      "requires": {
        "@types/estree": "0.0.37"
      }
    },
    "@types/estraverse": {
      "version": "0.0.6",
      "resolved": "https://registry.npmjs.org/@types/estraverse/-/estraverse-0.0.6.tgz",
      "integrity": "sha1-Zp9833KreX5hJfjQD+0z1M8wwiE=",
      "dev": true,
      "requires": {
        "@types/estree": "0.0.37"
      }
    },
    "@types/estree": {
      "version": "0.0.37",
      "resolved": "https://registry.npmjs.org/@types/estree/-/estree-0.0.37.tgz",
      "integrity": "sha512-1IT6vNpmU9w18P3v6mN9idv18z5KPVTi4t7+rU9VLnkxo0LCam8IXy/eSVzOaQ1Wpabra2cN3A8K/SliPK/Suw==",
      "dev": true
    },
    "@types/mocha": {
      "version": "2.2.43",
      "resolved": "https://registry.npmjs.org/@types/mocha/-/mocha-2.2.43.tgz",
      "integrity": "sha512-xNlAmH+lRJdUMXClMTI9Y0pRqIojdxfm7DHsIxoB2iTzu3fnPmSMEN8SsSx0cdwV36d02PWCWaDUoZPDSln+xw==",
      "dev": true
    },
    "@types/node": {
      "version": "8.0.28",
      "resolved": "https://registry.npmjs.org/@types/node/-/node-8.0.28.tgz",
      "integrity": "sha512-HupkFXEv3O3KSzcr3Ylfajg0kaerBg1DyaZzRBBQfrU3NN1mTBRE7sCveqHwXLS5Yrjvww8qFzkzYQQakG9FuQ==",
      "dev": true
    },
    "@types/pixi.js": {
      "version": "4.5.3",
      "resolved": "https://registry.npmjs.org/@types/pixi.js/-/pixi.js-4.5.3.tgz",
      "integrity": "sha512-SovOhfzfLBgKuk3GDnTUqP6XN+q4F1i8YNxF+BmqYLtkAPlaasNnGojN1YQWagcGxVDCD1OB8Z97VNpBorn5oA==",
      "dev": true
    },
    "abbrev": {
      "version": "1.1.0",
      "resolved": "https://registry.npmjs.org/abbrev/-/abbrev-1.1.0.tgz",
      "integrity": "sha1-0FVMIlZjbi9W58LlrRg/hZQo2B8=",
      "dev": true
    },
    "amdefine": {
      "version": "1.0.1",
      "resolved": "https://registry.npmjs.org/amdefine/-/amdefine-1.0.1.tgz",
      "integrity": "sha1-SlKCrBZHKek2Gbz9OtFR+BfOkfU=",
      "dev": true,
      "optional": true
    },
    "coffee-script-redux": {
      "version": "2.0.0-beta8",
      "resolved": "https://registry.npmjs.org/coffee-script-redux/-/coffee-script-redux-2.0.0-beta8.tgz",
      "integrity": "sha1-D9e4QXNA3Q0zno9v2LS4cWlW6NU=",
      "dev": true,
      "requires": {
        "cscodegen": "git://github.com/michaelficarra/cscodegen.git#73fd7202ac086c26f18c9d56f025b18b3c6f5383",
        "escodegen": "0.0.28",
        "esmangle": "0.0.17",
        "nopt": "2.1.2",
        "source-map": "0.1.11",
        "StringScanner": "0.0.3"
      }
    },
    "cscodegen": {
      "version": "git://github.com/michaelficarra/cscodegen.git#73fd7202ac086c26f18c9d56f025b18b3c6f5383",
      "dev": true,
      "optional": true
    },
    "escodegen": {
      "version": "0.0.28",
      "resolved": "https://registry.npmjs.org/escodegen/-/escodegen-0.0.28.tgz",
      "integrity": "sha1-Dk/xcV8yh3XWyrUaxEpAbNer/9M=",
      "dev": true,
      "optional": true,
      "requires": {
        "esprima": "1.0.4",
        "estraverse": "1.3.2",
        "source-map": "0.1.11"
      },
      "dependencies": {
        "esprima": {
          "version": "1.0.4",
          "resolved": "https://registry.npmjs.org/esprima/-/esprima-1.0.4.tgz",
          "integrity": "sha1-n1V+CPw7TSbs6d00+Pv0drYlha0=",
          "dev": true,
          "optional": true
        },
        "estraverse": {
          "version": "1.3.2",
          "resolved": "https://registry.npmjs.org/estraverse/-/estraverse-1.3.2.tgz",
          "integrity": "sha1-N8K4k+8T1yPydth41g2FNRUqbEI=",
          "dev": true,
          "optional": true
        }
      }
    },
    "escope": {
      "version": "1.0.3",
      "resolved": "https://registry.npmjs.org/escope/-/escope-1.0.3.tgz",
      "integrity": "sha1-dZ3OhJbEJI/sLQyq9BCLzz8af10=",
      "dev": true,
      "requires": {
        "estraverse": "2.0.0"
      },
      "dependencies": {
        "estraverse": {
          "version": "2.0.0",
          "resolved": "https://registry.npmjs.org/estraverse/-/estraverse-2.0.0.tgz",
          "integrity": "sha1-WuRpYyQ2ACBmdMyySgnhZnT83KE=",
          "dev": true
        }
      }
    },
    "esmangle": {
      "version": "0.0.17",
      "resolved": "https://registry.npmjs.org/esmangle/-/esmangle-0.0.17.tgz",
      "integrity": "sha1-TFyTYHzeXRJ2utOW6DYinbpo2Qw=",
      "dev": true,
      "optional": true,
      "requires": {
        "escodegen": "0.0.28",
        "escope": "1.0.3",
        "esprima": "1.0.4",
        "esshorten": "0.0.2",
        "estraverse": "1.3.2",
        "optimist": "0.6.1",
        "source-map": "0.1.11"
      },
      "dependencies": {
        "esprima": {
          "version": "1.0.4",
          "resolved": "https://registry.npmjs.org/esprima/-/esprima-1.0.4.tgz",
          "integrity": "sha1-n1V+CPw7TSbs6d00+Pv0drYlha0=",
          "dev": true,
          "optional": true
        },
        "estraverse": {
          "version": "1.3.2",
          "resolved": "https://registry.npmjs.org/estraverse/-/estraverse-1.3.2.tgz",
          "integrity": "sha1-N8K4k+8T1yPydth41g2FNRUqbEI=",
          "dev": true,
          "optional": true
        }
      }
    },
    "esprima": {
      "version": "4.0.0",
      "resolved": "https://registry.npmjs.org/esprima/-/esprima-4.0.0.tgz",
      "integrity": "sha512-oftTcaMu/EGrEIu904mWteKIv8vMuOgGYo7EhVJJN00R/EED9DCua/xxHRdYnKtcECzVg7xOWhflvJMnqcFZjw==",
      "dev": true
    },
    "esquery": {
      "version": "git+https://github.com/estools/esquery.git#2b4ce908cc560f6952a08b59142efdb67134c518",
      "dev": true,
      "requires": {
        "estraverse": "4.2.0"
      }
    },
    "esshorten": {
      "version": "0.0.2",
      "resolved": "https://registry.npmjs.org/esshorten/-/esshorten-0.0.2.tgz",
      "integrity": "sha1-KKZS8e/UDI4if4xt59vmtWDugSk=",
      "dev": true,
      "optional": true,
      "requires": {
        "escope": "1.0.3",
        "estraverse": "1.2.0"
      },
      "dependencies": {
        "estraverse": {
          "version": "1.2.0",
          "resolved": "https://registry.npmjs.org/estraverse/-/estraverse-1.2.0.tgz",
          "integrity": "sha1-aj3IpGpdZ2blZoY5/Hgpds5WYP0=",
          "dev": true,
          "optional": true
        }
      }
    },
    "estraverse": {
      "version": "4.2.0",
      "resolved": "https://registry.npmjs.org/estraverse/-/estraverse-4.2.0.tgz",
      "integrity": "sha1-De4/7TH81GlhjOc0IJn8GvoL2xM=",
      "dev": true
    },
    "function-extractor": {
      "version": "0.0.5",
      "resolved": "https://registry.npmjs.org/function-extractor/-/function-extractor-0.0.5.tgz",
      "integrity": "sha1-up9jb+Y/z1FbsZ4JflJjvBy3SaY=",
      "dev": true,
      "requires": {
        "coffee-script-redux": "2.0.0-beta8",
        "esprima": "4.0.0"
      }
    },
    "minimist": {
      "version": "0.0.10",
      "resolved": "https://registry.npmjs.org/minimist/-/minimist-0.0.10.tgz",
      "integrity": "sha1-3j+YVD2/lggr5IrRoMfNqDYwHc8=",
      "dev": true,
      "optional": true
    },
    "nopt": {
      "version": "2.1.2",
      "resolved": "https://registry.npmjs.org/nopt/-/nopt-2.1.2.tgz",
      "integrity": "sha1-bMzZd7gBMqB3MdbozljCyDA8+a8=",
      "dev": true,
      "requires": {
        "abbrev": "1.1.0"
      }
    },
    "optimist": {
      "version": "0.6.1",
      "resolved": "https://registry.npmjs.org/optimist/-/optimist-0.6.1.tgz",
      "integrity": "sha1-2j6nRob6IaGaERwybpDrFaAZZoY=",
      "dev": true,
      "optional": true,
      "requires": {
        "minimist": "0.0.10",
        "wordwrap": "0.0.3"
      }
    },
    "source-map": {
      "version": "0.1.11",
      "resolved": "https://registry.npmjs.org/source-map/-/source-map-0.1.11.tgz",
      "integrity": "sha1-Lu8v1lp0wXmICuXuaXXZnOIet7Q=",
      "dev": true,
      "optional": true,
      "requires": {
        "amdefine": "1.0.1"
      }
    },
    "StringScanner": {
      "version": "0.0.3",
      "resolved": "https://registry.npmjs.org/StringScanner/-/StringScanner-0.0.3.tgz",
      "integrity": "sha1-vwbs/ckARnEfTmF1VJJDt4zrOKo=",
      "dev": true
    },
    "wordwrap": {
      "version": "0.0.3",
      "resolved": "https://registry.npmjs.org/wordwrap/-/wordwrap-0.0.3.tgz",
      "integrity": "sha1-o9XabNXAvAAI03I0u68b7WMFkQc=",
      "dev": true,
      "optional": true
    }
  }
}
